
Microsoft Visual Studio Solution File, Format Version 12.00
# Visual Studio Version 17
VisualStudioVersion = 17.2.32630.192
MinimumVisualStudioVersion = 10.0.40219.1
Project("{FAE04EC0-301F-11D3-BF4B-00C04F79EFBC}") = "e-website", "e-website\e-website.csproj", "{FEEA10A0-E0A3-456D-B8C8-125890990D3F}"
EndProject
Global
	GlobalSection(SolutionConfigurationPlatforms) = preSolution
		Debug|Any CPU = Debug|Any CPU
		Release|Any CPU = Release|Any CPU
	EndGlobalSection
	GlobalSection(ProjectConfigurationPlatforms) = postSolution
		{FEEA10A0-E0A3-456D-B8C8-125890990D3F}.Debug|Any CPU.ActiveCfg = Debug|Any CPU
		{FEEA10A0-E0A3-456D-B8C8-125890990D3F}.Debug|Any CPU.Build.0 = Debug|Any CPU
		{FEEA10A0-E0A3-456D-B8C8-125890990D3F}.Release|Any CPU.ActiveCfg = Release|Any CPU
		{FEEA10A0-E0A3-456D-B8C8-125890990D3F}.Release|Any CPU.Build.0 = Release|Any CPU
	EndGlobalSection
	GlobalSection(SolutionProperties) = preSolution
		HideSolutionNode = FALSE
	EndGlobalSection
	GlobalSection(ExtensibilityGlobals) = postSolution
		SolutionGuid = {B8478CDD-A76F-4600-AA18-1B72FA1F7416}
	EndGlobalSection
EndGlobal
